// !$*UTF8*$!
{
	archiveVersion = 1;
	classes = {
	};
	objectVersion = 56;
	objects = {

/* Begin PBXBuildFile section */
		3B67D1D22C81DC8E003A5A08 /* QAChallengeAutomationApp.swift in Sources */ = {isa = PBXBuildFile; fileRef = 3B67D1D12C81DC8E003A5A08 /* QAChallengeAutomationApp.swift */; };
		3B67D1D42C81DC8E003A5A08 /* ContentView.swift in Sources */ = {isa = PBXBuildFile; fileRef = 3B67D1D32C81DC8E003A5A08 /* ContentView.swift */; };
		3B67D1D62C81DC91003A5A08 /* Assets.xcassets in Resources */ = {isa = PBXBuildFile; fileRef = 3B67D1D52C81DC91003A5A08 /* Assets.xcassets */; };
		3B67D1D92C81DC91003A5A08 /* Preview Assets.xcassets in Resources */ = {isa = PBXBuildFile; fileRef = 3B67D1D82C81DC91003A5A08 /* Preview Assets.xcassets */; };
		3B67D1E32C81DC91003A5A08 /* QAChallengeAutomationTests.swift in Sources */ = {isa = PBXBuildFile; fileRef = 3B67D1E22C81DC91003A5A08 /* QAChallengeAutomationTests.swift */; };
		3B67D1ED2C81DC91003A5A08 /* QAChallengeAutomationUITests.swift in Sources */ = {isa = PBXBuildFile; fileRef = 3B67D1EC2C81DC91003A5A08 /* QAChallengeAutomationUITests.swift */; };
		3B67D1EF2C81DC91003A5A08 /* QAChallengeAutomationUITestsLaunchTests.swift in Sources */ = {isa = PBXBuildFile; fileRef = 3B67D1EE2C81DC91003A5A08 /* QAChallengeAutomationUITestsLaunchTests.swift */; };
		3BC3EEB12C88A21C00B2DCD0 /* AppStoreObjects.swift in Sources */ = {isa = PBXBuildFile; fileRef = 3BC3EEB02C88A21C00B2DCD0 /* AppStoreObjects.swift */; };
		3BC3EEB32C88A7BC00B2DCD0 /* WareHouseAppObjects.swift in Sources */ = {isa = PBXBuildFile; fileRef = 3BC3EEB22C88A7BB00B2DCD0 /* WareHouseAppObjects.swift */; };
		3BCF34542C8DFD3E0000E710 /* SpringBoardObjects.swift in Sources */ = {isa = PBXBuildFile; fileRef = 3BCF34532C8DFD3E0000E710 /* SpringBoardObjects.swift */; };
		3BCF34572C8DFDFD0000E710 /* DownloadAndInstall.swift in Sources */ = {isa = PBXBuildFile; fileRef = 3BCF34562C8DFDFD0000E710 /* DownloadAndInstall.swift */; };
		3BCF345A2C8DFF760000E710 /* HelperFunctions.swift in Sources */ = {isa = PBXBuildFile; fileRef = 3BCF34592C8DFF760000E710 /* HelperFunctions.swift */; };
		3BCF345C2C8E06C00000E710 /* BasicScenario.swift in Sources */ = {isa = PBXBuildFile; fileRef = 3BCF345B2C8E06C00000E710 /* BasicScenario.swift */; };
/* End PBXBuildFile section */

/* Begin PBXContainerItemProxy section */
		3B67D1DF2C81DC91003A5A08 /* PBXContainerItemProxy */ = {
			isa = PBXContainerItemProxy;
			containerPortal = 3B67D1C62C81DC8E003A5A08 /* Project object */;
			proxyType = 1;
			remoteGlobalIDString = 3B67D1CD2C81DC8E003A5A08;
			remoteInfo = QAChallengeAutomation;
		};
		3B67D1E92C81DC91003A5A08 /* PBXContainerItemProxy */ = {
			isa = PBXContainerItemProxy;
			containerPortal = 3B67D1C62C81DC8E003A5A08 /* Project object */;
			proxyType = 1;
			remoteGlobalIDString = 3B67D1CD2C81DC8E003A5A08;
			remoteInfo = QAChallengeAutomation;
		};
/* End PBXContainerItemProxy section */

/* Begin PBXFileReference section */
		3B67D1CE2C81DC8E003A5A08 /* QAChallengeAutomation.app */ = {isa = PBXFileReference; explicitFileType = wrapper.application; includeInIndex = 0; path = QAChallengeAutomation.app; sourceTree = BUILT_PRODUCTS_DIR; };
		3B67D1D12C81DC8E003A5A08 /* QAChallengeAutomationApp.swift */ = {isa = PBXFileReference; lastKnownFileType = sourcecode.swift; path = QAChallengeAutomationApp.swift; sourceTree = "<group>"; };
		3B67D1D32C81DC8E003A5A08 /* ContentView.swift */ = {isa = PBXFileReference; lastKnownFileType = sourcecode.swift; path = ContentView.swift; sourceTree = "<group>"; };
		3B67D1D52C81DC91003A5A08 /* Assets.xcassets */ = {isa = PBXFileReference; lastKnownFileType = folder.assetcatalog; path = Assets.xcassets; sourceTree = "<group>"; };
		3B67D1D82C81DC91003A5A08 /* Preview Assets.xcassets */ = {isa = PBXFileReference; lastKnownFileType = folder.assetcatalog; path = "Preview Assets.xcassets"; sourceTree = "<group>"; };
		3B67D1DE2C81DC91003A5A08 /* QAChallengeAutomationTests.xctest */ = {isa = PBXFileReference; explicitFileType = wrapper.cfbundle; includeInIndex = 0; path = QAChallengeAutomationTests.xctest; sourceTree = BUILT_PRODUCTS_DIR; };
		3B67D1E22C81DC91003A5A08 /* QAChallengeAutomationTests.swift */ = {isa = PBXFileReference; lastKnownFileType = sourcecode.swift; path = QAChallengeAutomationTests.swift; sourceTree = "<group>"; };
		3B67D1E82C81DC91003A5A08 /* QAChallengeAutomationUITests.xctest */ = {isa = PBXFileReference; explicitFileType = wrapper.cfbundle; includeInIndex = 0; path = QAChallengeAutomationUITests.xctest; sourceTree = BUILT_PRODUCTS_DIR; };
		3B67D1EC2C81DC91003A5A08 /* QAChallengeAutomationUITests.swift */ = {isa = PBXFileReference; lastKnownFileType = sourcecode.swift; path = QAChallengeAutomationUITests.swift; sourceTree = "<group>"; };
		3B67D1EE2C81DC91003A5A08 /* QAChallengeAutomationUITestsLaunchTests.swift */ = {isa = PBXFileReference; lastKnownFileType = sourcecode.swift; path = QAChallengeAutomationUITestsLaunchTests.swift; sourceTree = "<group>"; };
		3BC3EEB02C88A21C00B2DCD0 /* AppStoreObjects.swift */ = {isa = PBXFileReference; lastKnownFileType = sourcecode.swift; path = AppStoreObjects.swift; sourceTree = "<group>"; };
		3BC3EEB22C88A7BB00B2DCD0 /* WareHouseAppObjects.swift */ = {isa = PBXFileReference; lastKnownFileType = sourcecode.swift; path = WareHouseAppObjects.swift; sourceTree = "<group>"; };
		3BCF34532C8DFD3E0000E710 /* SpringBoardObjects.swift */ = {isa = PBXFileReference; lastKnownFileType = sourcecode.swift; path = SpringBoardObjects.swift; sourceTree = "<group>"; };
		3BCF34562C8DFDFD0000E710 /* DownloadAndInstall.swift */ = {isa = PBXFileReference; lastKnownFileType = sourcecode.swift; path = DownloadAndInstall.swift; sourceTree = "<group>"; };
		3BCF34592C8DFF760000E710 /* HelperFunctions.swift */ = {isa = PBXFileReference; lastKnownFileType = sourcecode.swift; path = HelperFunctions.swift; sourceTree = "<group>"; };
		3BCF345B2C8E06C00000E710 /* BasicScenario.swift */ = {isa = PBXFileReference; lastKnownFileType = sourcecode.swift; path = BasicScenario.swift; sourceTree = "<group>"; };
		3BF1B39C2C8F464B005E22EF /* .gitignore.md */ = {isa = PBXFileReference; lastKnownFileType = net.daringfireball.markdown; path = .gitignore.md; sourceTree = "<group>"; };
/* End PBXFileReference section */

/* Begin PBXFrameworksBuildPhase section */
		3B67D1CB2C81DC8E003A5A08 /* Frameworks */ = {
			isa = PBXFrameworksBuildPhase;
			buildActionMask = 2147483647;
			files = (
			);
			runOnlyForDeploymentPostprocessing = 0;
		};
		3B67D1DB2C81DC91003A5A08 /* Frameworks */ = {
			isa = PBXFrameworksBuildPhase;
			buildActionMask = 2147483647;
			files = (
			);
			runOnlyForDeploymentPostprocessing = 0;
		};
		3B67D1E52C81DC91003A5A08 /* Frameworks */ = {
			isa = PBXFrameworksBuildPhase;
			buildActionMask = 2147483647;
			files = (
			);
			runOnlyForDeploymentPostprocessing = 0;
		};
/* End PBXFrameworksBuildPhase section */

/* Begin PBXGroup section */
		3B67D1C52C81DC8E003A5A08 = {
			isa = PBXGroup;
			children = (
				3BF1B39C2C8F464B005E22EF /* .gitignore.md */,
				3B67D1D02C81DC8E003A5A08 /* QAChallengeAutomation */,
				3B67D1E12C81DC91003A5A08 /* QAChallengeAutomationTests */,
				3B67D1EB2C81DC91003A5A08 /* QAChallengeAutomationUITests */,
				3B67D1CF2C81DC8E003A5A08 /* Products */,
			);
			sourceTree = "<group>";
		};
		3B67D1CF2C81DC8E003A5A08 /* Products */ = {
			isa = PBXGroup;
			children = (
				3B67D1CE2C81DC8E003A5A08 /* QAChallengeAutomation.app */,
				3B67D1DE2C81DC91003A5A08 /* QAChallengeAutomationTests.xctest */,
				3B67D1E82C81DC91003A5A08 /* QAChallengeAutomationUITests.xctest */,
			);
			name = Products;
			sourceTree = "<group>";
		};
		3B67D1D02C81DC8E003A5A08 /* QAChallengeAutomation */ = {
			isa = PBXGroup;
			children = (
				3B67D1D12C81DC8E003A5A08 /* QAChallengeAutomationApp.swift */,
				3B67D1D32C81DC8E003A5A08 /* ContentView.swift */,
				3B67D1D52C81DC91003A5A08 /* Assets.xcassets */,
				3B67D1D72C81DC91003A5A08 /* Preview Content */,
			);
			path = QAChallengeAutomation;
			sourceTree = "<group>";
		};
		3B67D1D72C81DC91003A5A08 /* Preview Content */ = {
			isa = PBXGroup;
			children = (
				3B67D1D82C81DC91003A5A08 /* Preview Assets.xcassets */,
			);
			path = "Preview Content";
			sourceTree = "<group>";
		};
		3B67D1E12C81DC91003A5A08 /* QAChallengeAutomationTests */ = {
			isa = PBXGroup;
			children = (
				3B67D1E22C81DC91003A5A08 /* QAChallengeAutomationTests.swift */,
			);
			path = QAChallengeAutomationTests;
			sourceTree = "<group>";
		};
		3B67D1EB2C81DC91003A5A08 /* QAChallengeAutomationUITests */ = {
			isa = PBXGroup;
			children = (
				3BCF34582C8DFF630000E710 /* Helper */,
				3BCF34552C8DFDE60000E710 /* Actions */,
				3BC3EEAF2C88A1F500B2DCD0 /* PageObjects */,
				3B67D1EC2C81DC91003A5A08 /* QAChallengeAutomationUITests.swift */,
				3B67D1EE2C81DC91003A5A08 /* QAChallengeAutomationUITestsLaunchTests.swift */,
			);
			path = QAChallengeAutomationUITests;
			sourceTree = "<group>";
		};
		3BC3EEAF2C88A1F500B2DCD0 /* PageObjects */ = {
			isa = PBXGroup;
			children = (
				3BC3EEB02C88A21C00B2DCD0 /* AppStoreObjects.swift */,
				3BC3EEB22C88A7BB00B2DCD0 /* WareHouseAppObjects.swift */,
				3BCF34532C8DFD3E0000E710 /* SpringBoardObjects.swift */,
			);
			path = PageObjects;
			sourceTree = "<group>";
		};
		3BCF34552C8DFDE60000E710 /* Actions */ = {
			isa = PBXGroup;
			children = (
				3BCF34562C8DFDFD0000E710 /* DownloadAndInstall.swift */,
				3BCF345B2C8E06C00000E710 /* BasicScenario.swift */,
			);
			path = Actions;
			sourceTree = "<group>";
		};
		3BCF34582C8DFF630000E710 /* Helper */ = {
			isa = PBXGroup;
			children = (
				3BCF34592C8DFF760000E710 /* HelperFunctions.swift */,
			);
			path = Helper;
			sourceTree = "<group>";
		};
/* End PBXGroup section */

/* Begin PBXNativeTarget section */
		3B67D1CD2C81DC8E003A5A08 /* QAChallengeAutomation */ = {
			isa = PBXNativeTarget;
			buildConfigurationList = 3B67D1F22C81DC91003A5A08 /* Build configuration list for PBXNativeTarget "QAChallengeAutomation" */;
			buildPhases = (
				3B67D1CA2C81DC8E003A5A08 /* Sources */,
				3B67D1CB2C81DC8E003A5A08 /* Frameworks */,
				3B67D1CC2C81DC8E003A5A08 /* Resources */,
			);
			buildRules = (
			);
			dependencies = (
			);
			name = QAChallengeAutomation;
			productName = QAChallengeAutomation;
			productReference = 3B67D1CE2C81DC8E003A5A08 /* QAChallengeAutomation.app */;
			productType = "com.apple.product-type.application";
		};
		3B67D1DD2C81DC91003A5A08 /* QAChallengeAutomationTests */ = {
			isa = PBXNativeTarget;
			buildConfigurationList = 3B67D1F52C81DC91003A5A08 /* Build configuration list for PBXNativeTarget "QAChallengeAutomationTests" */;
			buildPhases = (
				3B67D1DA2C81DC91003A5A08 /* Sources */,
				3B67D1DB2C81DC91003A5A08 /* Frameworks */,
				3B67D1DC2C81DC91003A5A08 /* Resources */,
			);
			buildRules = (
			);
			dependencies = (
				3B67D1E02C81DC91003A5A08 /* PBXTargetDependency */,
			);
			name = QAChallengeAutomationTests;
			productName = QAChallengeAutomationTests;
			productReference = 3B67D1DE2C81DC91003A5A08 /* QAChallengeAutomationTests.xctest */;
			productType = "com.apple.product-type.bundle.unit-test";
		};
		3B67D1E72C81DC91003A5A08 /* QAChallengeAutomationUITests */ = {
			isa = PBXNativeTarget;
			buildConfigurationList = 3B67D1F82C81DC91003A5A08 /* Build configuration list for PBXNativeTarget "QAChallengeAutomationUITests" */;
			buildPhases = (
				3B67D1E42C81DC91003A5A08 /* Sources */,
				3B67D1E52C81DC91003A5A08 /* Frameworks */,
				3B67D1E62C81DC91003A5A08 /* Resources */,
			);
			buildRules = (
			);
			dependencies = (
				3B67D1EA2C81DC91003A5A08 /* PBXTargetDependency */,
			);
			name = QAChallengeAutomationUITests;
			productName = QAChallengeAutomationUITests;
			productReference = 3B67D1E82C81DC91003A5A08 /* QAChallengeAutomationUITests.xctest */;
			productType = "com.apple.product-type.bundle.ui-testing";
		};
/* End PBXNativeTarget section */

/* Begin PBXProject section */
		3B67D1C62C81DC8E003A5A08 /* Project object */ = {
			isa = PBXProject;
			attributes = {
				BuildIndependentTargetsInParallel = 1;
				LastSwiftUpdateCheck = 1540;
				LastUpgradeCheck = 1540;
				TargetAttributes = {
					3B67D1CD2C81DC8E003A5A08 = {
						CreatedOnToolsVersion = 15.4;
					};
					3B67D1DD2C81DC91003A5A08 = {
						CreatedOnToolsVersion = 15.4;
						TestTargetID = 3B67D1CD2C81DC8E003A5A08;
					};
					3B67D1E72C81DC91003A5A08 = {
						CreatedOnToolsVersion = 15.4;
						TestTargetID = 3B67D1CD2C81DC8E003A5A08;
					};
				};
			};
			buildConfigurationList = 3B67D1C92C81DC8E003A5A08 /* Build configuration list for PBXProject "QAChallengeAutomation" */;
			compatibilityVersion = "Xcode 14.0";
			developmentRegion = en;
			hasScannedForEncodings = 0;
			knownRegions = (
				en,
				Base,
			);
			mainGroup = 3B67D1C52C81DC8E003A5A08;
			productRefGroup = 3B67D1CF2C81DC8E003A5A08 /* Products */;
			projectDirPath = "";
			projectRoot = "";
			targets = (
				3B67D1CD2C81DC8E003A5A08 /* QAChallengeAutomation */,
				3B67D1DD2C81DC91003A5A08 /* QAChallengeAutomationTests */,
				3B67D1E72C81DC91003A5A08 /* QAChallengeAutomationUITests */,
			);
		};
/* End PBXProject section */

/* Begin PBXResourcesBuildPhase section */
		3B67D1CC2C81DC8E003A5A08 /* Resources */ = {
			isa = PBXResourcesBuildPhase;
			buildActionMask = 2147483647;
			files = (
				3B67D1D92C81DC91003A5A08 /* Preview Assets.xcassets in Resources */,
				3B67D1D62C81DC91003A5A08 /* Assets.xcassets in Resources */,
			);
			runOnlyForDeploymentPostprocessing = 0;
		};
		3B67D1DC2C81DC91003A5A08 /* Resources */ = {
			isa = PBXResourcesBuildPhase;
			buildActionMask = 2147483647;
			files = (
			);
			runOnlyForDeploymentPostprocessing = 0;
		};
		3B67D1E62C81DC91003A5A08 /* Resources */ = {
			isa = PBXResourcesBuildPhase;
			buildActionMask = 2147483647;
			files = (
			);
			runOnlyForDeploymentPostprocessing = 0;
		};
/* End PBXResourcesBuildPhase section */

/* Begin PBXSourcesBuildPhase section */
		3B67D1CA2C81DC8E003A5A08 /* Sources */ = {
			isa = PBXSourcesBuildPhase;
			buildActionMask = 2147483647;
			files = (
				3B67D1D42C81DC8E003A5A08 /* ContentView.swift in Sources */,
				3B67D1D22C81DC8E003A5A08 /* QAChallengeAutomationApp.swift in Sources */,
			);
			runOnlyForDeploymentPostprocessing = 0;
		};
		3B67D1DA2C81DC91003A5A08 /* Sources */ = {
			isa = PBXSourcesBuildPhase;
			buildActionMask = 2147483647;
			files = (
				3B67D1E32C81DC91003A5A08 /* QAChallengeAutomationTests.swift in Sources */,
			);
			runOnlyForDeploymentPostprocessing = 0;
		};
		3B67D1E42C81DC91003A5A08 /* Sources */ = {
			isa = PBXSourcesBuildPhase;
			buildActionMask = 2147483647;
			files = (
				3BCF34542C8DFD3E0000E710 /* SpringBoardObjects.swift in Sources */,
				3BCF345A2C8DFF760000E710 /* HelperFunctions.swift in Sources */,
				3BCF34572C8DFDFD0000E710 /* DownloadAndInstall.swift in Sources */,
				3BC3EEB12C88A21C00B2DCD0 /* AppStoreObjects.swift in Sources */,
				3B67D1ED2C81DC91003A5A08 /* QAChallengeAutomationUITests.swift in Sources */,
				3BCF345C2C8E06C00000E710 /* BasicScenario.swift in Sources */,
				3B67D1EF2C81DC91003A5A08 /* QAChallengeAutomationUITestsLaunchTests.swift in Sources */,
				3BC3EEB32C88A7BC00B2DCD0 /* WareHouseAppObjects.swift in Sources */,
			);
			runOnlyForDeploymentPostprocessing = 0;
		};
/* End PBXSourcesBuildPhase section */

/* Begin PBXTargetDependency section */
		3B67D1E02C81DC91003A5A08 /* PBXTargetDependency */ = {
			isa = PBXTargetDependency;
			target = 3B67D1CD2C81DC8E003A5A08 /* QAChallengeAutomation */;
			targetProxy = 3B67D1DF2C81DC91003A5A08 /* PBXContainerItemProxy */;
		};
		3B67D1EA2C81DC91003A5A08 /* PBXTargetDependency */ = {
			isa = PBXTargetDependency;
			target = 3B67D1CD2C81DC8E003A5A08 /* QAChallengeAutomation */;
			targetProxy = 3B67D1E92C81DC91003A5A08 /* PBXContainerItemProxy */;
		};
/* End PBXTargetDependency section */

/* Begin XCBuildConfiguration section */
		3B67D1F02C81DC91003A5A08 /* Debug */ = {
			isa = XCBuildConfiguration;
			buildSettings = {
				ALWAYS_SEARCH_USER_PATHS = NO;
				ASSETCATALOG_COMPILER_GENERATE_SWIFT_ASSET_SYMBOL_EXTENSIONS = YES;
				CLANG_ANALYZER_NONNULL = YES;
				CLANG_ANALYZER_NUMBER_OBJECT_CONVERSION = YES_AGGRESSIVE;
				CLANG_CXX_LANGUAGE_STANDARD = "gnu++20";
				CLANG_ENABLE_MODULES = YES;
				CLANG_ENABLE_OBJC_ARC = YES;
				CLANG_ENABLE_OBJC_WEAK = YES;
				CLANG_WARN_BLOCK_CAPTURE_AUTORELEASING = YES;
				CLANG_WARN_BOOL_CONVERSION = YES;
				CLANG_WARN_COMMA = YES;
				CLANG_WARN_CONSTANT_CONVERSION = YES;
				CLANG_WARN_DEPRECATED_OBJC_IMPLEMENTATIONS = YES;
				CLANG_WARN_DIRECT_OBJC_ISA_USAGE = YES_ERROR;
				CLANG_WARN_DOCUMENTATION_COMMENTS = YES;
				CLANG_WARN_EMPTY_BODY = YES;
				CLANG_WARN_ENUM_CONVERSION = YES;
				CLANG_WARN_INFINITE_RECURSION = YES;
				CLANG_WARN_INT_CONVERSION = YES;
				CLANG_WARN_NON_LITERAL_NULL_CONVERSION = YES;
				CLANG_WARN_OBJC_IMPLICIT_RETAIN_SELF = YES;
				CLANG_WARN_OBJC_LITERAL_CONVERSION = YES;
				CLANG_WARN_OBJC_ROOT_CLASS = YES_ERROR;
				CLANG_WARN_QUOTED_INCLUDE_IN_FRAMEWORK_HEADER = YES;
				CLANG_WARN_RANGE_LOOP_ANALYSIS = YES;
				CLANG_WARN_STRICT_PROTOTYPES = YES;
				CLANG_WARN_SUSPICIOUS_MOVE = YES;
				CLANG_WARN_UNGUARDED_AVAILABILITY = YES_AGGRESSIVE;
				CLANG_WARN_UNREACHABLE_CODE = YES;
				CLANG_WARN__DUPLICATE_METHOD_MATCH = YES;
				COPY_PHASE_STRIP = NO;
				DEBUG_INFORMATION_FORMAT = dwarf;
				ENABLE_STRICT_OBJC_MSGSEND = YES;
				ENABLE_TESTABILITY = YES;
				ENABLE_USER_SCRIPT_SANDBOXING = YES;
				GCC_C_LANGUAGE_STANDARD = gnu17;
				GCC_DYNAMIC_NO_PIC = NO;
				GCC_NO_COMMON_BLOCKS = YES;
				GCC_OPTIMIZATION_LEVEL = 0;
				GCC_PREPROCESSOR_DEFINITIONS = (
					"DEBUG=1",
					"$(inherited)",
				);
				GCC_WARN_64_TO_32_BIT_CONVERSION = YES;
				GCC_WARN_ABOUT_RETURN_TYPE = YES_ERROR;
				GCC_WARN_UNDECLARED_SELECTOR = YES;
				GCC_WARN_UNINITIALIZED_AUTOS = YES_AGGRESSIVE;
				GCC_WARN_UNUSED_FUNCTION = YES;
				GCC_WARN_UNUSED_VARIABLE = YES;
				IPHONEOS_DEPLOYMENT_TARGET = 17.5;
				LOCALIZATION_PREFERS_STRING_CATALOGS = YES;
				MTL_ENABLE_DEBUG_INFO = INCLUDE_SOURCE;
				MTL_FAST_MATH = YES;
				ONLY_ACTIVE_ARCH = YES;
				SDKROOT = iphoneos;
				SWIFT_ACTIVE_COMPILATION_CONDITIONS = "DEBUG $(inherited)";
				SWIFT_OPTIMIZATION_LEVEL = "-Onone";
			};
			name = Debug;
		};
		3B67D1F12C81DC91003A5A08 /* Release */ = {
			isa = XCBuildConfiguration;
			buildSettings = {
				ALWAYS_SEARCH_USER_PATHS = NO;
				ASSETCATALOG_COMPILER_GENERATE_SWIFT_ASSET_SYMBOL_EXTENSIONS = YES;
				CLANG_ANALYZER_NONNULL = YES;
				CLANG_ANALYZER_NUMBER_OBJECT_CONVERSION = YES_AGGRESSIVE;
				CLANG_CXX_LANGUAGE_STANDARD = "gnu++20";
				CLANG_ENABLE_MODULES = YES;
				CLANG_ENABLE_OBJC_ARC = YES;
				CLANG_ENABLE_OBJC_WEAK = YES;
				CLANG_WARN_BLOCK_CAPTURE_AUTORELEASING = YES;
				CLANG_WARN_BOOL_CONVERSION = YES;
				CLANG_WARN_COMMA = YES;
				CLANG_WARN_CONSTANT_CONVERSION = YES;
				CLANG_WARN_DEPRECATED_OBJC_IMPLEMENTATIONS = YES;
				CLANG_WARN_DIRECT_OBJC_ISA_USAGE = YES_ERROR;
				CLANG_WARN_DOCUMENTATION_COMMENTS = YES;
				CLANG_WARN_EMPTY_BODY = YES;
				CLANG_WARN_ENUM_CONVERSION = YES;
				CLANG_WARN_INFINITE_RECURSION = YES;
				CLANG_WARN_INT_CONVERSION = YES;
				CLANG_WARN_NON_LITERAL_NULL_CONVERSION = YES;
				CLANG_WARN_OBJC_IMPLICIT_RETAIN_SELF = YES;
				CLANG_WARN_OBJC_LITERAL_CONVERSION = YES;
				CLANG_WARN_OBJC_ROOT_CLASS = YES_ERROR;
				CLANG_WARN_QUOTED_INCLUDE_IN_FRAMEWORK_HEADER = YES;
				CLANG_WARN_RANGE_LOOP_ANALYSIS = YES;
				CLANG_WARN_STRICT_PROTOTYPES = YES;
				CLANG_WARN_SUSPICIOUS_MOVE = YES;
				CLANG_WARN_UNGUARDED_AVAILABILITY = YES_AGGRESSIVE;
				CLANG_WARN_UNREACHABLE_CODE = YES;
				CLANG_WARN__DUPLICATE_METHOD_MATCH = YES;
				COPY_PHASE_STRIP = NO;
				DEBUG_INFORMATION_FORMAT = "dwarf-with-dsym";
				ENABLE_NS_ASSERTIONS = NO;
				ENABLE_STRICT_OBJC_MSGSEND = YES;
				ENABLE_USER_SCRIPT_SANDBOXING = YES;
				GCC_C_LANGUAGE_STANDARD = gnu17;
				GCC_NO_COMMON_BLOCKS = YES;
				GCC_WARN_64_TO_32_BIT_CONVERSION = YES;
				GCC_WARN_ABOUT_RETURN_TYPE = YES_ERROR;
				GCC_WARN_UNDECLARED_SELECTOR = YES;
				GCC_WARN_UNINITIALIZED_AUTOS = YES_AGGRESSIVE;
				GCC_WARN_UNUSED_FUNCTION = YES;
				GCC_WARN_UNUSED_VARIABLE = YES;
				IPHONEOS_DEPLOYMENT_TARGET = 17.5;
				LOCALIZATION_PREFERS_STRING_CATALOGS = YES;
				MTL_ENABLE_DEBUG_INFO = NO;
				MTL_FAST_MATH = YES;
				SDKROOT = iphoneos;
				SWIFT_COMPILATION_MODE = wholemodule;
				VALIDATE_PRODUCT = YES;
			};
			name = Release;
		};
		3B67D1F32C81DC91003A5A08 /* Debug */ = {
			isa = XCBuildConfiguration;
			buildSettings = {
				ASSETCATALOG_COMPILER_APPICON_NAME = AppIcon;
				ASSETCATALOG_COMPILER_GLOBAL_ACCENT_COLOR_NAME = AccentColor;
				CODE_SIGN_STYLE = Automatic;
				CURRENT_PROJECT_VERSION = 1;
				DEVELOPMENT_ASSET_PATHS = "\"QAChallengeAutomation/Preview Content\"";
				DEVELOPMENT_TEAM = 3255CJVMA4;
				ENABLE_PREVIEWS = YES;
				GENERATE_INFOPLIST_FILE = YES;
				INFOPLIST_KEY_UIApplicationSceneManifest_Generation = YES;
				INFOPLIST_KEY_UIApplicationSupportsIndirectInputEvents = YES;
				INFOPLIST_KEY_UILaunchScreen_Generation = YES;
				INFOPLIST_KEY_UISupportedInterfaceOrientations_iPad = "UIInterfaceOrientationPortrait UIInterfaceOrientationPortraitUpsideDown UIInterfaceOrientationLandscapeLeft UIInterfaceOrientationLandscapeRight";
				INFOPLIST_KEY_UISupportedInterfaceOrientations_iPhone = "UIInterfaceOrientationPortrait UIInterfaceOrientationLandscapeLeft UIInterfaceOrientationLandscapeRight";
				LD_RUNPATH_SEARCH_PATHS = (
					"$(inherited)",
					"@executable_path/Frameworks",
				);
				MARKETING_VERSION = 1.0;
				PRODUCT_BUNDLE_IDENTIFIER = com.cshdev.QAChallengeAutomation;
				PRODUCT_NAME = "$(TARGET_NAME)";
				SWIFT_EMIT_LOC_STRINGS = YES;
				SWIFT_VERSION = 5.0;
				TARGETED_DEVICE_FAMILY = "1,2";
			};
			name = Debug;
		};
		3B67D1F42C81DC91003A5A08 /* Release */ = {
			isa = XCBuildConfiguration;
			buildSettings = {
				ASSETCATALOG_COMPILER_APPICON_NAME = AppIcon;
				ASSETCATALOG_COMPILER_GLOBAL_ACCENT_COLOR_NAME = AccentColor;
				CODE_SIGN_STYLE = Automatic;
				CURRENT_PROJECT_VERSION = 1;
				DEVELOPMENT_ASSET_PATHS = "\"QAChallengeAutomation/Preview Content\"";
				DEVELOPMENT_TEAM = "";
				ENABLE_PREVIEWS = YES;
				GENERATE_INFOPLIST_FILE = YES;
				INFOPLIST_KEY_UIApplicationSceneManifest_Generation = YES;
				INFOPLIST_KEY_UIApplicationSupportsIndirectInputEvents = YES;
				INFOPLIST_KEY_UILaunchScreen_Generation = YES;
				INFOPLIST_KEY_UISupportedInterfaceOrientations_iPad = "UIInterfaceOrientationPortrait UIInterfaceOrientationPortraitUpsideDown UIInterfaceOrientationLandscapeLeft UIInterfaceOrientationLandscapeRight";
				INFOPLIST_KEY_UISupportedInterfaceOrientations_iPhone = "UIInterfaceOrientationPortrait UIInterfaceOrientationLandscapeLeft UIInterfaceOrientationLandscapeRight";
				LD_RUNPATH_SEARCH_PATHS = (
					"$(inherited)",
					"@executable_path/Frameworks",
				);
				MARKETING_VERSION = 1.0;
				PRODUCT_BUNDLE_IDENTIFIER = com.cshdev.QAChallengeAutomation;
				PRODUCT_NAME = "$(TARGET_NAME)";
				SWIFT_EMIT_LOC_STRINGS = YES;
				SWIFT_VERSION = 5.0;
				TARGETED_DEVICE_FAMILY = "1,2";
			};
			name = Release;
		};
		3B67D1F62C81DC91003A5A08 /* Debug */ = {
			isa = XCBuildConfiguration;
			buildSettings = {
				ALWAYS_EMBED_SWIFT_STANDARD_LIBRARIES = YES;
				BUNDLE_LOADER = "$(TEST_HOST)";
				CODE_SIGN_STYLE = Automatic;
				CURRENT_PROJECT_VERSION = 1;
				DEVELOPMENT_TEAM = 3255CJVMA4;
				GENERATE_INFOPLIST_FILE = YES;
				IPHONEOS_DEPLOYMENT_TARGET = 17.5;
				MARKETING_VERSION = 1.0;
				PRODUCT_BUNDLE_IDENTIFIER = com.cshdev.QAChallengeAutomationTests;
				PRODUCT_NAME = "$(TARGET_NAME)";
				SWIFT_EMIT_LOC_STRINGS = NO;
				SWIFT_VERSION = 5.0;
				TARGETED_DEVICE_FAMILY = "1,2";
				TEST_HOST = "$(BUILT_PRODUCTS_DIR)/QAChallengeAutomation.app/$(BUNDLE_EXECUTABLE_FOLDER_PATH)/QAChallengeAutomation";
			};
			name = Debug;
		};
		3B67D1F72C81DC91003A5A08 /* Release */ = {
			isa = XCBuildConfiguration;
			buildSettings = {
				ALWAYS_EMBED_SWIFT_STANDARD_LIBRARIES = YES;
				BUNDLE_LOADER = "$(TEST_HOST)";
				CODE_SIGN_STYLE = Automatic;
				CURRENT_PROJECT_VERSION = 1;
				DEVELOPMENT_TEAM = 3255CJVMA4;
				GENERATE_INFOPLIST_FILE = YES;
				IPHONEOS_DEPLOYMENT_TARGET = 17.5;
				MARKETING_VERSION = 1.0;
				PRODUCT_BUNDLE_IDENTIFIER = com.cshdev.QAChallengeAutomationTests;
				PRODUCT_NAME = "$(TARGET_NAME)";
				SWIFT_EMIT_LOC_STRINGS = NO;
				SWIFT_VERSION = 5.0;
				TARGETED_DEVICE_FAMILY = "1,2";
				TEST_HOST = "$(BUILT_PRODUCTS_DIR)/QAChallengeAutomation.app/$(BUNDLE_EXECUTABLE_FOLDER_PATH)/QAChallengeAutomation";
			};
			name = Release;
		};
		3B67D1F92C81DC91003A5A08 /* Debug */ = {
			isa = XCBuildConfiguration;
			buildSettings = {
				ALWAYS_EMBED_SWIFT_STANDARD_LIBRARIES = YES;
				"CODE_SIGN_IDENTITY[sdk=macosx*]" = "-";
				CODE_SIGN_STYLE = Automatic;
				CURRENT_PROJECT_VERSION = 1;
				DEVELOPMENT_TEAM = 3255CJVMA4;
				GENERATE_INFOPLIST_FILE = YES;
				IPHONEOS_DEPLOYMENT_TARGET = 17.5;
				MARKETING_VERSION = 1.0;
				PRODUCT_BUNDLE_IDENTIFIER = com.cshdev.QAChallengeAutomationUITests2;
				PRODUCT_NAME = "$(TARGET_NAME)";
				SWIFT_EMIT_LOC_STRINGS = NO;
				SWIFT_VERSION = 5.0;
				TARGETED_DEVICE_FAMILY = "1,2";
				TEST_TARGET_NAME = QAChallengeAutomation;
			};
			name = Debug;
		};
		3B67D1FA2C81DC91003A5A08 /* Release */ = {
			isa = XCBuildConfiguration;
			buildSettings = {
				ALWAYS_EMBED_SWIFT_STANDARD_LIBRARIES = YES;
				"CODE_SIGN_IDENTITY[sdk=macosx*]" = "-";
				CODE_SIGN_STYLE = Automatic;
				CURRENT_PROJECT_VERSION = 1;
				DEVELOPMENT_TEAM = 3255CJVMA4;
				GENERATE_INFOPLIST_FILE = YES;
				IPHONEOS_DEPLOYMENT_TARGET = 17.5;
				MARKETING_VERSION = 1.0;
				PRODUCT_BUNDLE_IDENTIFIER = com.cshdev.QAChallengeAutomationUITests2;
				PRODUCT_NAME = "$(TARGET_NAME)";
				SWIFT_EMIT_LOC_STRINGS = NO;
				SWIFT_VERSION = 5.0;
				TARGETED_DEVICE_FAMILY = "1,2";
				TEST_TARGET_NAME = QAChallengeAutomation;
			};
			name = Release;
		};
/* End XCBuildConfiguration section */

/* Begin XCConfigurationList section */
		3B67D1C92C81DC8E003A5A08 /* Build configuration list for PBXProject "QAChallengeAutomation" */ = {
			isa = XCConfigurationList;
			buildConfigurations = (
				3B67D1F02C81DC91003A5A08 /* Debug */,
				3B67D1F12C81DC91003A5A08 /* Release */,
			);
			defaultConfigurationIsVisible = 0;
			defaultConfigurationName = Release;
		};
		3B67D1F22C81DC91003A5A08 /* Build configuration list for PBXNativeTarget "QAChallengeAutomation" */ = {
			isa = XCConfigurationList;
			buildConfigurations = (
				3B67D1F32C81DC91003A5A08 /* Debug */,
				3B67D1F42C81DC91003A5A08 /* Release */,
			);
			defaultConfigurationIsVisible = 0;
			defaultConfigurationName = Release;
		};
		3B67D1F52C81DC91003A5A08 /* Build configuration list for PBXNativeTarget "QAChallengeAutomationTests" */ = {
			isa = XCConfigurationList;
			buildConfigurations = (
				3B67D1F62C81DC91003A5A08 /* Debug */,
				3B67D1F72C81DC91003A5A08 /* Release */,
			);
			defaultConfigurationIsVisible = 0;
			defaultConfigurationName = Release;
		};
		3B67D1F82C81DC91003A5A08 /* Build configuration list for PBXNativeTarget "QAChallengeAutomationUITests" */ = {
			isa = XCConfigurationList;
			buildConfigurations = (
				3B67D1F92C81DC91003A5A08 /* Debug */,
				3B67D1FA2C81DC91003A5A08 /* Release */,
			);
			defaultConfigurationIsVisible = 0;
			defaultConfigurationName = Release;
		};
/* End XCConfigurationList section */
	};
	rootObject = 3B67D1C62C81DC8E003A5A08 /* Project object */;
}
